
Microsoft Visual Studio Solution File, Format Version 12.00
# Visual Studio Version 16
VisualStudioVersion = 16.0.31613.86
MinimumVisualStudioVersion = 10.0.40219.1
Project("{9A19103F-16F7-4668-BE54-9A1E7A4F7556}") = "BlazorServerDemo", "BlazorServerDemo.csproj", "{EDEE9358-FC3E-44C0-96F7-428F7325A4C6}"
EndProject
Global
	GlobalSection(SolutionConfigurationPlatforms) = preSolution
		Debug|Any CPU = Debug|Any CPU
		Release|Any CPU = Release|Any CPU
	EndGlobalSection
	GlobalSection(ProjectConfigurationPlatforms) = postSolution
		{EDEE9358-FC3E-44C0-96F7-428F7325A4C6}.Debug|Any CPU.ActiveCfg = Debug|Any CPU
		{EDEE9358-FC3E-44C0-96F7-428F7325A4C6}.Debug|Any CPU.Build.0 = Debug|Any CPU
		{EDEE9358-FC3E-44C0-96F7-428F7325A4C6}.Release|Any CPU.ActiveCfg = Release|Any CPU
		{EDEE9358-FC3E-44C0-96F7-428F7325A4C6}.Release|Any CPU.Build.0 = Release|Any CPU
	EndGlobalSection
	GlobalSection(SolutionProperties) = preSolution
		HideSolutionNode = FALSE
	EndGlobalSection
	GlobalSection(ExtensibilityGlobals) = postSolution
		SolutionGuid = {B0536D3D-1411-4031-B16E-1E81B549E5EE}
	EndGlobalSection
EndGlobal
